
Microsoft Visual Studio Solution File, Format Version 12.00
# Visual Studio Version 17
VisualStudioVersion = 17.13.35931.197
MinimumVisualStudioVersion = 10.0.40219.1
Project("{FAE04EC0-301F-11D3-BF4B-00C04F79EFBC}") = "VMS80", "VMS80\VMS80.csproj", "{34F15785-72E5-4E8E-B9A7-AFE18B37AEB0}"
EndProject
Global
	GlobalSection(SolutionConfigurationPlatforms) = preSolution
		Debug|Any CPU = Debug|Any CPU
		Release|Any CPU = Release|Any CPU
	EndGlobalSection
	GlobalSection(ProjectConfigurationPlatforms) = postSolution
		{34F15785-72E5-4E8E-B9A7-AFE18B37AEB0}.Debug|Any CPU.ActiveCfg = Debug|Any CPU
		{34F15785-72E5-4E8E-B9A7-AFE18B37AEB0}.Debug|Any CPU.Build.0 = Debug|Any CPU
		{34F15785-72E5-4E8E-B9A7-AFE18B37AEB0}.Release|Any CPU.ActiveCfg = Release|Any CPU
		{34F15785-72E5-4E8E-B9A7-AFE18B37AEB0}.Release|Any CPU.Build.0 = Release|Any CPU
	EndGlobalSection
	GlobalSection(SolutionProperties) = preSolution
		HideSolutionNode = FALSE
	EndGlobalSection
	GlobalSection(ExtensibilityGlobals) = postSolution
		SolutionGuid = {3C0582A2-C65D-464D-B4FF-2FC0F23C4FD3}
	EndGlobalSection
EndGlobal
